Microsoft Visual Studio Solution File, Format Version 12.00
# Visual Studio Version 17
VisualStudioVersion = 17.8.0.0
MinimumVisualStudioVersion = 17.8.0.0
Project("{9A19103F-16F7-4668-BE54-9A1E7A4F7556}") = "MSK.AbySalto.OMP.AppHost", "MSK.AbySalto.OMP.AppHost\MSK.AbySalto.OMP.AppHost.csproj", "{65475A4E-0989-4E7F-8836-5796280A670F}"
EndProject
Project("{9A19103F-16F7-4668-BE54-9A1E7A4F7556}") = "MSK.AbySalto.OMP.Server", "MSK.AbySalto.OMP.Server\MSK.AbySalto.OMP.Server.csproj", "{96A07A6A-1A4A-40A2-BAC1-9B93BBFE14DF}"
EndProject
Project("{54A90642-561A-4BB1-A94E-469ADEE60C69}") = "frontend", "frontend\frontend.esproj", "{ACB37210-7B53-4176-95C2-805D38A56926}"
EndProject

Global
	GlobalSection(SolutionConfigurationPlatforms) = preSolution
		Debug|Any CPU = Debug|Any CPU
		Release|Any CPU = Release|Any CPU
	EndGlobalSection
	GlobalSection(ProjectConfigurationPlatforms) = postSolution
		{65475A4E-0989-4E7F-8836-5796280A670F}.Debug|Any CPU.ActiveCfg = Debug|Any CPU
		{65475A4E-0989-4E7F-8836-5796280A670F}.Debug|Any CPU.Build.0 = Debug|Any CPU
		{65475A4E-0989-4E7F-8836-5796280A670F}.Release|Any CPU.ActiveCfg = Release|Any CPU
		{65475A4E-0989-4E7F-8836-5796280A670F}.Release|Any CPU.Build.0 = Release|Any CPU
		{96A07A6A-1A4A-40A2-BAC1-9B93BBFE14DF}.Debug|Any CPU.ActiveCfg = Debug|Any CPU
		{96A07A6A-1A4A-40A2-BAC1-9B93BBFE14DF}.Debug|Any CPU.Build.0 = Debug|Any CPU
		{96A07A6A-1A4A-40A2-BAC1-9B93BBFE14DF}.Release|Any CPU.ActiveCfg = Release|Any CPU
		{96A07A6A-1A4A-40A2-BAC1-9B93BBFE14DF}.Release|Any CPU.Build.0 = Release|Any CPU
		{ACB37210-7B53-4176-95C2-805D38A56926}.Debug|Any CPU.ActiveCfg = Debug|Any CPU
		{ACB37210-7B53-4176-95C2-805D38A56926}.Debug|Any CPU.Build.0 = Debug|Any CPU
		{ACB37210-7B53-4176-95C2-805D38A56926}.Release|Any CPU.ActiveCfg = Release|Any CPU
		{ACB37210-7B53-4176-95C2-805D38A56926}.Release|Any CPU.Build.0 = Release|Any CPU

	EndGlobalSection
	GlobalSection(SolutionProperties) = preSolution
		HideSolutionNode = FALSE
	EndGlobalSection
	GlobalSection(ExtensibilityGlobals) = postSolution
		SolutionGuid = {44A2D297-FB85-4378-87DA-597622191A57}
	EndGlobalSection
EndGlobal
